
Microsoft Visual Studio Solution File, Format Version 12.00
# Visual Studio Version 16
VisualStudioVersion = 16.0.30907.101
MinimumVisualStudioVersion = 10.0.40219.1
Project("{FAE04EC0-301F-11D3-BF4B-00C04F79EFBC}") = "WpfApp_Ui", "WpfApp_Ui\WpfApp_Ui.csproj", "{E9E10FFF-C82A-4E6F-AB87-987CD3020C29}"
EndProject
Project("{FAE04EC0-301F-11D3-BF4B-00C04F79EFBC}") = "WpfAppUi_Entities", "WpfAppUi_Entities\WpfAppUi_Entities.csproj", "{E3AEA3B9-CA53-4850-A522-2128CFB30648}"
EndProject
Project("{FAE04EC0-301F-11D3-BF4B-00C04F79EFBC}") = "WpfAppUi_Infra", "WpfAppUi_Infra\WpfAppUi_Infra.csproj", "{3F3274C1-F1AC-4F6F-A4C1-17855D8ABF25}"
EndProject
Project("{FAE04EC0-301F-11D3-BF4B-00C04F79EFBC}") = "WpfAppUi_Services", "WpfAppUi_Services\WpfAppUi_Services.csproj", "{B3EFF519-EC0E-4D8D-BC75-CAE5B5D19C90}"
EndProject
Global
	GlobalSection(SolutionConfigurationPlatforms) = preSolution
		Debug|Any CPU = Debug|Any CPU
		Release|Any CPU = Release|Any CPU
	EndGlobalSection
	GlobalSection(ProjectConfigurationPlatforms) = postSolution
		{E9E10FFF-C82A-4E6F-AB87-987CD3020C29}.Debug|Any CPU.ActiveCfg = Debug|Any CPU
		{E9E10FFF-C82A-4E6F-AB87-987CD3020C29}.Debug|Any CPU.Build.0 = Debug|Any CPU
		{E9E10FFF-C82A-4E6F-AB87-987CD3020C29}.Release|Any CPU.ActiveCfg = Release|Any CPU
		{E9E10FFF-C82A-4E6F-AB87-987CD3020C29}.Release|Any CPU.Build.0 = Release|Any CPU
		{E3AEA3B9-CA53-4850-A522-2128CFB30648}.Debug|Any CPU.ActiveCfg = Debug|Any CPU
		{E3AEA3B9-CA53-4850-A522-2128CFB30648}.Debug|Any CPU.Build.0 = Debug|Any CPU
		{E3AEA3B9-CA53-4850-A522-2128CFB30648}.Release|Any CPU.ActiveCfg = Release|Any CPU
		{E3AEA3B9-CA53-4850-A522-2128CFB30648}.Release|Any CPU.Build.0 = Release|Any CPU
		{3F3274C1-F1AC-4F6F-A4C1-17855D8ABF25}.Debug|Any CPU.ActiveCfg = Debug|Any CPU
		{3F3274C1-F1AC-4F6F-A4C1-17855D8ABF25}.Debug|Any CPU.Build.0 = Debug|Any CPU
		{3F3274C1-F1AC-4F6F-A4C1-17855D8ABF25}.Release|Any CPU.ActiveCfg = Release|Any CPU
		{3F3274C1-F1AC-4F6F-A4C1-17855D8ABF25}.Release|Any CPU.Build.0 = Release|Any CPU
		{B3EFF519-EC0E-4D8D-BC75-CAE5B5D19C90}.Debug|Any CPU.ActiveCfg = Debug|Any CPU
		{B3EFF519-EC0E-4D8D-BC75-CAE5B5D19C90}.Debug|Any CPU.Build.0 = Debug|Any CPU
		{B3EFF519-EC0E-4D8D-BC75-CAE5B5D19C90}.Release|Any CPU.ActiveCfg = Release|Any CPU
		{B3EFF519-EC0E-4D8D-BC75-CAE5B5D19C90}.Release|Any CPU.Build.0 = Release|Any CPU
	EndGlobalSection
	GlobalSection(SolutionProperties) = preSolution
		HideSolutionNode = FALSE
	EndGlobalSection
	GlobalSection(ExtensibilityGlobals) = postSolution
		SolutionGuid = {14088124-9588-4440-8F70-87B148B4EEE1}
	EndGlobalSection
EndGlobal
